
Microsoft Visual Studio Solution File, Format Version 12.00
# Visual Studio 15
Project("{FAE04EC0-301F-11D3-BF4B-00C04F79EFBC}") = "Assembly-CSharp", "Assembly-CSharp.csproj", "{7A52FF07-E397-8338-8F1D-2AC5870D4EFB}"
EndProject
Project("{FAE04EC0-301F-11D3-BF4B-00C04F79EFBC}") = "Assembly-CSharp-Editor", "Assembly-CSharp-Editor.csproj", "{FEB90104-35F7-4FB3-F1A9-8018BC63E415}"
EndProject
Global
	GlobalSection(SolutionConfigurationPlatforms) = preSolution
		Debug|Any CPU = Debug|Any CPU
		Release|Any CPU = Release|Any CPU
	EndGlobalSection
	GlobalSection(ProjectConfigurationPlatforms) = postSolution
		{7A52FF07-E397-8338-8F1D-2AC5870D4EFB}.Debug|Any CPU.ActiveCfg = Debug|Any CPU
		{7A52FF07-E397-8338-8F1D-2AC5870D4EFB}.Debug|Any CPU.Build.0 = Debug|Any CPU
		{7A52FF07-E397-8338-8F1D-2AC5870D4EFB}.Release|Any CPU.ActiveCfg = Release|Any CPU
		{7A52FF07-E397-8338-8F1D-2AC5870D4EFB}.Release|Any CPU.Build.0 = Release|Any CPU
		{FEB90104-35F7-4FB3-F1A9-8018BC63E415}.Debug|Any CPU.ActiveCfg = Debug|Any CPU
		{FEB90104-35F7-4FB3-F1A9-8018BC63E415}.Debug|Any CPU.Build.0 = Debug|Any CPU
		{FEB90104-35F7-4FB3-F1A9-8018BC63E415}.Release|Any CPU.ActiveCfg = Release|Any CPU
		{FEB90104-35F7-4FB3-F1A9-8018BC63E415}.Release|Any CPU.Build.0 = Release|Any CPU
	EndGlobalSection
	GlobalSection(SolutionProperties) = preSolution
		HideSolutionNode = FALSE
	EndGlobalSection
EndGlobal
